
Microsoft Visual Studio Solution File, Format Version 12.00
# Visual Studio Version 17
VisualStudioVersion = 17.0.31919.166
MinimumVisualStudioVersion = 10.0.40219.1
Project("{FAE04EC0-301F-11D3-BF4B-00C04F79EFBC}") = "AzureTest.API", "AzureTest.API\AzureTest.API.csproj", "{CCD764D4-8968-4F71-B910-2FAE7B472E0B}"
EndProject
Global
	GlobalSection(SolutionConfigurationPlatforms) = preSolution
		Debug|Any CPU = Debug|Any CPU
		Release|Any CPU = Release|Any CPU
	EndGlobalSection
	GlobalSection(ProjectConfigurationPlatforms) = postSolution
		{CCD764D4-8968-4F71-B910-2FAE7B472E0B}.Debug|Any CPU.ActiveCfg = Debug|Any CPU
		{CCD764D4-8968-4F71-B910-2FAE7B472E0B}.Debug|Any CPU.Build.0 = Debug|Any CPU
		{CCD764D4-8968-4F71-B910-2FAE7B472E0B}.Release|Any CPU.ActiveCfg = Release|Any CPU
		{CCD764D4-8968-4F71-B910-2FAE7B472E0B}.Release|Any CPU.Build.0 = Release|Any CPU
	EndGlobalSection
	GlobalSection(SolutionProperties) = preSolution
		HideSolutionNode = FALSE
	EndGlobalSection
	GlobalSection(ExtensibilityGlobals) = postSolution
		SolutionGuid = {A153EFFB-3B14-4A0B-A37B-986185674A73}
	EndGlobalSection
EndGlobal
